{
  "requires": true,
  "lockfileVersion": 1,
  "dependencies": {
    "devextreme-aspnet-data": {
      "version": "2.6.2",
      "resolved": "https://registry.npmjs.org/devextreme-aspnet-data/-/devextreme-aspnet-data-2.6.2.tgz",
      "integrity": "sha512-KgqkR73r86hOctfCxcq/6UzNELrSQVxtk8LLsJoVF/PwycZIJZob1pz6dnGJWZ/jWkSyTlPwVVXQJXXHnL4vcA=="
    }
  }
}
